
Microsoft Visual Studio Solution File, Format Version 12.00
# Visual Studio Version 17
VisualStudioVersion = 17.10.35013.160
MinimumVisualStudioVersion = 10.0.40219.1
Project("{9A19103F-16F7-4668-BE54-9A1E7A4F7556}") = "PeopleManager.API", "PeopleManager.API\PeopleManager.API.csproj", "{ECCC78E3-54C6-492B-AC7B-D1021A28A315}"
EndProject
Project("{9A19103F-16F7-4668-BE54-9A1E7A4F7556}") = "PeopleManager.Domain", "PeopleManager.Domain\PeopleManager.Domain.csproj", "{2CAB07EE-DF0F-475F-A156-FC73FBDF087C}"
EndProject
Project("{9A19103F-16F7-4668-BE54-9A1E7A4F7556}") = "PeopleManager.Application", "PeopleManager.Application\PeopleManager.Application.csproj", "{99B6BF9F-FF56-4E90-A5AE-9C3457C907C6}"
EndProject
Project("{9A19103F-16F7-4668-BE54-9A1E7A4F7556}") = "PeopleManager.Infrastructure", "PeopleManager.Infrastructure\PeopleManager.Infrastructure.csproj", "{38B6C77E-2C5D-4738-A3BD-78430AC206B2}"
EndProject
Global
	GlobalSection(SolutionConfigurationPlatforms) = preSolution
		Debug|Any CPU = Debug|Any CPU
		Release|Any CPU = Release|Any CPU
	EndGlobalSection
	GlobalSection(ProjectConfigurationPlatforms) = postSolution
		{ECCC78E3-54C6-492B-AC7B-D1021A28A315}.Debug|Any CPU.ActiveCfg = Debug|Any CPU
		{ECCC78E3-54C6-492B-AC7B-D1021A28A315}.Debug|Any CPU.Build.0 = Debug|Any CPU
		{ECCC78E3-54C6-492B-AC7B-D1021A28A315}.Release|Any CPU.ActiveCfg = Release|Any CPU
		{ECCC78E3-54C6-492B-AC7B-D1021A28A315}.Release|Any CPU.Build.0 = Release|Any CPU
		{2CAB07EE-DF0F-475F-A156-FC73FBDF087C}.Debug|Any CPU.ActiveCfg = Debug|Any CPU
		{2CAB07EE-DF0F-475F-A156-FC73FBDF087C}.Debug|Any CPU.Build.0 = Debug|Any CPU
		{2CAB07EE-DF0F-475F-A156-FC73FBDF087C}.Release|Any CPU.ActiveCfg = Release|Any CPU
		{2CAB07EE-DF0F-475F-A156-FC73FBDF087C}.Release|Any CPU.Build.0 = Release|Any CPU
		{99B6BF9F-FF56-4E90-A5AE-9C3457C907C6}.Debug|Any CPU.ActiveCfg = Debug|Any CPU
		{99B6BF9F-FF56-4E90-A5AE-9C3457C907C6}.Debug|Any CPU.Build.0 = Debug|Any CPU
		{99B6BF9F-FF56-4E90-A5AE-9C3457C907C6}.Release|Any CPU.ActiveCfg = Release|Any CPU
		{99B6BF9F-FF56-4E90-A5AE-9C3457C907C6}.Release|Any CPU.Build.0 = Release|Any CPU
		{38B6C77E-2C5D-4738-A3BD-78430AC206B2}.Debug|Any CPU.ActiveCfg = Debug|Any CPU
		{38B6C77E-2C5D-4738-A3BD-78430AC206B2}.Debug|Any CPU.Build.0 = Debug|Any CPU
		{38B6C77E-2C5D-4738-A3BD-78430AC206B2}.Release|Any CPU.ActiveCfg = Release|Any CPU
		{38B6C77E-2C5D-4738-A3BD-78430AC206B2}.Release|Any CPU.Build.0 = Release|Any CPU
	EndGlobalSection
	GlobalSection(SolutionProperties) = preSolution
		HideSolutionNode = FALSE
	EndGlobalSection
	GlobalSection(ExtensibilityGlobals) = postSolution
		SolutionGuid = {D6DE0564-E248-4859-A96A-FC9BD36B83CF}
	EndGlobalSection
EndGlobal
